version: 1
checksums:
  55dc377b5e931bfc64e4add83e35d9ea:
    fm-attr-description: 66f16a28d67910331c777b808cb7e557
    fm-attr-sidebar/hidden: 22f2d49cce18cf4a78d2ace40129a651
    fm-attr-title: bd70a4f62d42a6c992a748c05d6d736a
    md-section-25: 51adf33450cab2ef392e93147386647c
    md-section-26: e81ed0b4b9cef16914064b4d8d61b781
    md-section-27: bd8d5d39a3290c3929ba4342f75ad792
    md-section-28: e728994a05c9765b3e6ee91a47ad71e9
    md-section-29: fbd8f90e138a54afab282a5ade60cddf
    md-section-30: ab2b7c3c23b5b349d6e6fe04bb90394a
    md-section-31: 7c72c1faa1fc4bedddde766b333a35b9
    md-section-32: 2574b1daa3fb573a6fb034e22182eaa9
    md-section-33: 76d810c34f22c17e41e0db5223fff05a
