version: 1
checksums:
  55dc377b5e931bfc64e4add83e35d9ea:
    title: 77739c307646897765b3630f08099944
    description: a8b2eae5f8a10453d85f3fdca2dedf3b
    use-case: f50fddabe11bf3a1fe36509b3c0529ae
    faq.0.question: 72e814bf6e849d51cb6323d744e3039c
    faq.0.answer: 91b5fa7374b0450e57cb6cac2090c1de
